
Microsoft Visual Studio Solution File, Format Version 12.00
# Visual Studio Version 17
VisualStudioVersion = 17.0.31919.166
MinimumVisualStudioVersion = 10.0.40219.1
Project("{FAE04EC0-301F-11D3-BF4B-00C04F79EFBC}") = "HotelFinder.API", "HotelFinder.API\HotelFinder.API.csproj", "{073A0521-9115-4FC4-B79C-681E8936FF5A}"
EndProject
Project("{FAE04EC0-301F-11D3-BF4B-00C04F79EFBC}") = "HotelFinder.DataAccess", "HotelFinder.DataAccess\HotelFinder.DataAccess.csproj", "{1F66EA77-4052-422B-9B2B-219FF7DFA27F}"
EndProject
Project("{FAE04EC0-301F-11D3-BF4B-00C04F79EFBC}") = "HotelFinder.Entity", "HotelFinder.Entity\HotelFinder.Entity.csproj", "{93CC2450-5692-4674-B915-0DD58FDD0455}"
EndProject
Global
	GlobalSection(SolutionConfigurationPlatforms) = preSolution
		Debug|Any CPU = Debug|Any CPU
		Release|Any CPU = Release|Any CPU
	EndGlobalSection
	GlobalSection(ProjectConfigurationPlatforms) = postSolution
		{073A0521-9115-4FC4-B79C-681E8936FF5A}.Debug|Any CPU.ActiveCfg = Debug|Any CPU
		{073A0521-9115-4FC4-B79C-681E8936FF5A}.Debug|Any CPU.Build.0 = Debug|Any CPU
		{073A0521-9115-4FC4-B79C-681E8936FF5A}.Release|Any CPU.ActiveCfg = Release|Any CPU
		{073A0521-9115-4FC4-B79C-681E8936FF5A}.Release|Any CPU.Build.0 = Release|Any CPU
		{1F66EA77-4052-422B-9B2B-219FF7DFA27F}.Debug|Any CPU.ActiveCfg = Debug|Any CPU
		{1F66EA77-4052-422B-9B2B-219FF7DFA27F}.Debug|Any CPU.Build.0 = Debug|Any CPU
		{1F66EA77-4052-422B-9B2B-219FF7DFA27F}.Release|Any CPU.ActiveCfg = Release|Any CPU
		{1F66EA77-4052-422B-9B2B-219FF7DFA27F}.Release|Any CPU.Build.0 = Release|Any CPU
		{93CC2450-5692-4674-B915-0DD58FDD0455}.Debug|Any CPU.ActiveCfg = Debug|Any CPU
		{93CC2450-5692-4674-B915-0DD58FDD0455}.Debug|Any CPU.Build.0 = Debug|Any CPU
		{93CC2450-5692-4674-B915-0DD58FDD0455}.Release|Any CPU.ActiveCfg = Release|Any CPU
		{93CC2450-5692-4674-B915-0DD58FDD0455}.Release|Any CPU.Build.0 = Release|Any CPU
	EndGlobalSection
	GlobalSection(SolutionProperties) = preSolution
		HideSolutionNode = FALSE
	EndGlobalSection
	GlobalSection(ExtensibilityGlobals) = postSolution
		SolutionGuid = {AE7EC105-250B-4A45-8CDD-7D85554B8706}
	EndGlobalSection
EndGlobal
